
Microsoft Visual Studio Solution File, Format Version 12.00
Project("{FAE04EC0-301F-11D3-BF4B-00C04F79EFBC}") = "GlamBar.Api", "GlamBar.Api\GlamBar.Api.csproj", "{8BAAB8DF-9A0A-4E19-9E65-678F5B76E4AE}"
EndProject
Global
	GlobalSection(SolutionConfigurationPlatforms) = preSolution
		Debug|Any CPU = Debug|Any CPU
		Release|Any CPU = Release|Any CPU
	EndGlobalSection
	GlobalSection(ProjectConfigurationPlatforms) = postSolution
		{8BAAB8DF-9A0A-4E19-9E65-678F5B76E4AE}.Debug|Any CPU.ActiveCfg = Debug|Any CPU
		{8BAAB8DF-9A0A-4E19-9E65-678F5B76E4AE}.Debug|Any CPU.Build.0 = Debug|Any CPU
		{8BAAB8DF-9A0A-4E19-9E65-678F5B76E4AE}.Release|Any CPU.ActiveCfg = Release|Any CPU
		{8BAAB8DF-9A0A-4E19-9E65-678F5B76E4AE}.Release|Any CPU.Build.0 = Release|Any CPU
	EndGlobalSection
EndGlobal
